
Microsoft Visual Studio Solution File, Format Version 12.00
# Visual Studio Version 17
VisualStudioVersion = 17.7.34024.191
MinimumVisualStudioVersion = 10.0.40219.1
Project("{9A19103F-16F7-4668-BE54-9A1E7A4F7556}") = "GenericClass", "GenericClass\GenericClass.csproj", "{0FFF02CC-3FB4-45D9-B6B2-8EA54DF0A9E1}"
EndProject
Project("{9A19103F-16F7-4668-BE54-9A1E7A4F7556}") = "GenericClassForm", "GenericClassForm\GenericClassForm.csproj", "{4308CD22-9684-4A9E-94D2-9DEF7EA15B0F}"
EndProject
Project("{9A19103F-16F7-4668-BE54-9A1E7A4F7556}") = "GenericComparisonApp", "GenericComparisonApp\GenericComparisonApp.csproj", "{B551945A-31D0-44CB-9A7A-F8B844511546}"
EndProject
Project("{9A19103F-16F7-4668-BE54-9A1E7A4F7556}") = "EjemploColecccionesNoGenericas", "EjemploColecccionesNoGenericas\EjemploColecccionesNoGenericas.csproj", "{9A791E16-816F-42A8-89AE-61F4A69A3DCA}"
EndProject
Project("{9A19103F-16F7-4668-BE54-9A1E7A4F7556}") = "EjemploColeccionesGenericas", "EjemploColeccionesGenericas\EjemploColeccionesGenericas.csproj", "{6CD073B7-DEA8-4F0B-9660-BBB3ECE8E90D}"
EndProject
Project("{9A19103F-16F7-4668-BE54-9A1E7A4F7556}") = "GestionElementosApp", "GestionElementosApp\GestionElementosApp.csproj", "{7F681E54-4A95-4ABA-B34A-2D377CADF16C}"
EndProject
Project("{9A19103F-16F7-4668-BE54-9A1E7A4F7556}") = "EjemploColeccionesConcurrentes", "EjemploColeccionesConcurrentes\EjemploColeccionesConcurrentes.csproj", "{6A360966-E9AB-4DC2-B47F-13E939E9F044}"
EndProject
Global
	GlobalSection(SolutionConfigurationPlatforms) = preSolution
		Debug|Any CPU = Debug|Any CPU
		Release|Any CPU = Release|Any CPU
	EndGlobalSection
	GlobalSection(ProjectConfigurationPlatforms) = postSolution
		{0FFF02CC-3FB4-45D9-B6B2-8EA54DF0A9E1}.Debug|Any CPU.ActiveCfg = Debug|Any CPU
		{0FFF02CC-3FB4-45D9-B6B2-8EA54DF0A9E1}.Debug|Any CPU.Build.0 = Debug|Any CPU
		{0FFF02CC-3FB4-45D9-B6B2-8EA54DF0A9E1}.Release|Any CPU.ActiveCfg = Release|Any CPU
		{0FFF02CC-3FB4-45D9-B6B2-8EA54DF0A9E1}.Release|Any CPU.Build.0 = Release|Any CPU
		{4308CD22-9684-4A9E-94D2-9DEF7EA15B0F}.Debug|Any CPU.ActiveCfg = Debug|Any CPU
		{4308CD22-9684-4A9E-94D2-9DEF7EA15B0F}.Debug|Any CPU.Build.0 = Debug|Any CPU
		{4308CD22-9684-4A9E-94D2-9DEF7EA15B0F}.Release|Any CPU.ActiveCfg = Release|Any CPU
		{4308CD22-9684-4A9E-94D2-9DEF7EA15B0F}.Release|Any CPU.Build.0 = Release|Any CPU
		{B551945A-31D0-44CB-9A7A-F8B844511546}.Debug|Any CPU.ActiveCfg = Debug|Any CPU
		{B551945A-31D0-44CB-9A7A-F8B844511546}.Debug|Any CPU.Build.0 = Debug|Any CPU
		{B551945A-31D0-44CB-9A7A-F8B844511546}.Release|Any CPU.ActiveCfg = Release|Any CPU
		{B551945A-31D0-44CB-9A7A-F8B844511546}.Release|Any CPU.Build.0 = Release|Any CPU
		{9A791E16-816F-42A8-89AE-61F4A69A3DCA}.Debug|Any CPU.ActiveCfg = Debug|Any CPU
		{9A791E16-816F-42A8-89AE-61F4A69A3DCA}.Debug|Any CPU.Build.0 = Debug|Any CPU
		{9A791E16-816F-42A8-89AE-61F4A69A3DCA}.Release|Any CPU.ActiveCfg = Release|Any CPU
		{9A791E16-816F-42A8-89AE-61F4A69A3DCA}.Release|Any CPU.Build.0 = Release|Any CPU
		{6CD073B7-DEA8-4F0B-9660-BBB3ECE8E90D}.Debug|Any CPU.ActiveCfg = Debug|Any CPU
		{6CD073B7-DEA8-4F0B-9660-BBB3ECE8E90D}.Debug|Any CPU.Build.0 = Debug|Any CPU
		{6CD073B7-DEA8-4F0B-9660-BBB3ECE8E90D}.Release|Any CPU.ActiveCfg = Release|Any CPU
		{6CD073B7-DEA8-4F0B-9660-BBB3ECE8E90D}.Release|Any CPU.Build.0 = Release|Any CPU
		{7F681E54-4A95-4ABA-B34A-2D377CADF16C}.Debug|Any CPU.ActiveCfg = Debug|Any CPU
		{7F681E54-4A95-4ABA-B34A-2D377CADF16C}.Debug|Any CPU.Build.0 = Debug|Any CPU
		{7F681E54-4A95-4ABA-B34A-2D377CADF16C}.Release|Any CPU.ActiveCfg = Release|Any CPU
		{7F681E54-4A95-4ABA-B34A-2D377CADF16C}.Release|Any CPU.Build.0 = Release|Any CPU
		{6A360966-E9AB-4DC2-B47F-13E939E9F044}.Debug|Any CPU.ActiveCfg = Debug|Any CPU
		{6A360966-E9AB-4DC2-B47F-13E939E9F044}.Debug|Any CPU.Build.0 = Debug|Any CPU
		{6A360966-E9AB-4DC2-B47F-13E939E9F044}.Release|Any CPU.ActiveCfg = Release|Any CPU
		{6A360966-E9AB-4DC2-B47F-13E939E9F044}.Release|Any CPU.Build.0 = Release|Any CPU
	EndGlobalSection
	GlobalSection(SolutionProperties) = preSolution
		HideSolutionNode = FALSE
	EndGlobalSection
	GlobalSection(ExtensibilityGlobals) = postSolution
		SolutionGuid = {50D221B1-F9EE-4B16-B480-26E9B9F36E33}
	EndGlobalSection
EndGlobal
