
Microsoft Visual Studio Solution File, Format Version 12.00
# Visual Studio Version 17
VisualStudioVersion = 17.7.34024.191
MinimumVisualStudioVersion = 10.0.40219.1
Project("{9A19103F-16F7-4668-BE54-9A1E7A4F7556}") = "GenericClass", "GenericClass\GenericClass.csproj", "{DE5B8F56-441C-4247-AB13-FBC40F4FB9A9}"
EndProject
Project("{9A19103F-16F7-4668-BE54-9A1E7A4F7556}") = "GenericClassForm", "GenericClassForm\GenericClassForm.csproj", "{6F4DC881-E43D-4328-A434-84D33627BE90}"
EndProject
Project("{9A19103F-16F7-4668-BE54-9A1E7A4F7556}") = "GenericComparisonApp", "GenericComparisonApp\GenericComparisonApp.csproj", "{C7925BA4-7AE6-4ACF-BA04-702C7D81C7B3}"
EndProject
Project("{9A19103F-16F7-4668-BE54-9A1E7A4F7556}") = "EjemploColeccionesNoGenericas", "EjemploColeccionesNoGenericas\EjemploColeccionesNoGenericas.csproj", "{AA3C0A7C-7584-49F5-B0A5-682DABD33998}"
EndProject
Project("{9A19103F-16F7-4668-BE54-9A1E7A4F7556}") = "EjemploColeccionesGenericas", "EjemploColeccionesGenericas\EjemploColeccionesGenericas.csproj", "{C5B2F469-CE01-47CD-B69F-5756895B2F04}"
EndProject
Project("{9A19103F-16F7-4668-BE54-9A1E7A4F7556}") = "EjemploColeccionesConcurrentes", "EjemploColeccionesConcurrentes\EjemploColeccionesConcurrentes.csproj", "{C977552E-772F-4621-B9F4-5F50D19E4851}"
EndProject
Project("{9A19103F-16F7-4668-BE54-9A1E7A4F7556}") = "GestionElementosApp", "GestionElementosApp\GestionElementosApp.csproj", "{0EBAA05A-1EDA-4B79-8208-83C42391D6B6}"
EndProject
Project("{FAE04EC0-301F-11D3-BF4B-00C04F79EFBC}") = "EjemploLINQ", "EjemploLINQ\EjemploLINQ.csproj", "{C5BBF621-ED87-4A54-B7EF-18CFD3FE9412}"
EndProject
Global
	GlobalSection(SolutionConfigurationPlatforms) = preSolution
		Debug|Any CPU = Debug|Any CPU
		Release|Any CPU = Release|Any CPU
	EndGlobalSection
	GlobalSection(ProjectConfigurationPlatforms) = postSolution
		{DE5B8F56-441C-4247-AB13-FBC40F4FB9A9}.Debug|Any CPU.ActiveCfg = Debug|Any CPU
		{DE5B8F56-441C-4247-AB13-FBC40F4FB9A9}.Debug|Any CPU.Build.0 = Debug|Any CPU
		{DE5B8F56-441C-4247-AB13-FBC40F4FB9A9}.Release|Any CPU.ActiveCfg = Release|Any CPU
		{DE5B8F56-441C-4247-AB13-FBC40F4FB9A9}.Release|Any CPU.Build.0 = Release|Any CPU
		{6F4DC881-E43D-4328-A434-84D33627BE90}.Debug|Any CPU.ActiveCfg = Debug|Any CPU
		{6F4DC881-E43D-4328-A434-84D33627BE90}.Debug|Any CPU.Build.0 = Debug|Any CPU
		{6F4DC881-E43D-4328-A434-84D33627BE90}.Release|Any CPU.ActiveCfg = Release|Any CPU
		{6F4DC881-E43D-4328-A434-84D33627BE90}.Release|Any CPU.Build.0 = Release|Any CPU
		{C7925BA4-7AE6-4ACF-BA04-702C7D81C7B3}.Debug|Any CPU.ActiveCfg = Debug|Any CPU
		{C7925BA4-7AE6-4ACF-BA04-702C7D81C7B3}.Debug|Any CPU.Build.0 = Debug|Any CPU
		{C7925BA4-7AE6-4ACF-BA04-702C7D81C7B3}.Release|Any CPU.ActiveCfg = Release|Any CPU
		{C7925BA4-7AE6-4ACF-BA04-702C7D81C7B3}.Release|Any CPU.Build.0 = Release|Any CPU
		{AA3C0A7C-7584-49F5-B0A5-682DABD33998}.Debug|Any CPU.ActiveCfg = Debug|Any CPU
		{AA3C0A7C-7584-49F5-B0A5-682DABD33998}.Debug|Any CPU.Build.0 = Debug|Any CPU
		{AA3C0A7C-7584-49F5-B0A5-682DABD33998}.Release|Any CPU.ActiveCfg = Release|Any CPU
		{AA3C0A7C-7584-49F5-B0A5-682DABD33998}.Release|Any CPU.Build.0 = Release|Any CPU
		{C5B2F469-CE01-47CD-B69F-5756895B2F04}.Debug|Any CPU.ActiveCfg = Debug|Any CPU
		{C5B2F469-CE01-47CD-B69F-5756895B2F04}.Debug|Any CPU.Build.0 = Debug|Any CPU
		{C5B2F469-CE01-47CD-B69F-5756895B2F04}.Release|Any CPU.ActiveCfg = Release|Any CPU
		{C5B2F469-CE01-47CD-B69F-5756895B2F04}.Release|Any CPU.Build.0 = Release|Any CPU
		{C977552E-772F-4621-B9F4-5F50D19E4851}.Debug|Any CPU.ActiveCfg = Debug|Any CPU
		{C977552E-772F-4621-B9F4-5F50D19E4851}.Debug|Any CPU.Build.0 = Debug|Any CPU
		{C977552E-772F-4621-B9F4-5F50D19E4851}.Release|Any CPU.ActiveCfg = Release|Any CPU
		{C977552E-772F-4621-B9F4-5F50D19E4851}.Release|Any CPU.Build.0 = Release|Any CPU
		{0EBAA05A-1EDA-4B79-8208-83C42391D6B6}.Debug|Any CPU.ActiveCfg = Debug|Any CPU
		{0EBAA05A-1EDA-4B79-8208-83C42391D6B6}.Debug|Any CPU.Build.0 = Debug|Any CPU
		{0EBAA05A-1EDA-4B79-8208-83C42391D6B6}.Release|Any CPU.ActiveCfg = Release|Any CPU
		{0EBAA05A-1EDA-4B79-8208-83C42391D6B6}.Release|Any CPU.Build.0 = Release|Any CPU
		{C5BBF621-ED87-4A54-B7EF-18CFD3FE9412}.Debug|Any CPU.ActiveCfg = Debug|Any CPU
		{C5BBF621-ED87-4A54-B7EF-18CFD3FE9412}.Debug|Any CPU.Build.0 = Debug|Any CPU
		{C5BBF621-ED87-4A54-B7EF-18CFD3FE9412}.Release|Any CPU.ActiveCfg = Release|Any CPU
		{C5BBF621-ED87-4A54-B7EF-18CFD3FE9412}.Release|Any CPU.Build.0 = Release|Any CPU
	EndGlobalSection
	GlobalSection(SolutionProperties) = preSolution
		HideSolutionNode = FALSE
	EndGlobalSection
	GlobalSection(ExtensibilityGlobals) = postSolution
		SolutionGuid = {431CFD1D-217B-46F5-8AB7-641FA42EF1CA}
	EndGlobalSection
EndGlobal
