
Microsoft Visual Studio Solution File, Format Version 12.00
# Visual Studio Version 17
VisualStudioVersion = 17.7.34024.191
MinimumVisualStudioVersion = 10.0.40219.1
Project("{9A19103F-16F7-4668-BE54-9A1E7A4F7556}") = "GenericClass", "GenericClass\GenericClass.csproj", "{27703F1F-43E1-4417-AD3E-0546DDCEB691}"
EndProject
Project("{9A19103F-16F7-4668-BE54-9A1E7A4F7556}") = "GenericClassForm", "GenericClassForm\GenericClassForm.csproj", "{FEEF9BB3-8B75-4CD7-8056-0176EA523ADB}"
EndProject
Project("{FAE04EC0-301F-11D3-BF4B-00C04F79EFBC}") = "GenericComparisonApp", "GenericComparisonApp\GenericComparisonApp.csproj", "{8F713653-345B-4A65-B221-C6C72CBD35C9}"
EndProject
Global
	GlobalSection(SolutionConfigurationPlatforms) = preSolution
		Debug|Any CPU = Debug|Any CPU
		Release|Any CPU = Release|Any CPU
	EndGlobalSection
	GlobalSection(ProjectConfigurationPlatforms) = postSolution
		{27703F1F-43E1-4417-AD3E-0546DDCEB691}.Debug|Any CPU.ActiveCfg = Debug|Any CPU
		{27703F1F-43E1-4417-AD3E-0546DDCEB691}.Debug|Any CPU.Build.0 = Debug|Any CPU
		{27703F1F-43E1-4417-AD3E-0546DDCEB691}.Release|Any CPU.ActiveCfg = Release|Any CPU
		{27703F1F-43E1-4417-AD3E-0546DDCEB691}.Release|Any CPU.Build.0 = Release|Any CPU
		{FEEF9BB3-8B75-4CD7-8056-0176EA523ADB}.Debug|Any CPU.ActiveCfg = Debug|Any CPU
		{FEEF9BB3-8B75-4CD7-8056-0176EA523ADB}.Debug|Any CPU.Build.0 = Debug|Any CPU
		{FEEF9BB3-8B75-4CD7-8056-0176EA523ADB}.Release|Any CPU.ActiveCfg = Release|Any CPU
		{FEEF9BB3-8B75-4CD7-8056-0176EA523ADB}.Release|Any CPU.Build.0 = Release|Any CPU
		{8F713653-345B-4A65-B221-C6C72CBD35C9}.Debug|Any CPU.ActiveCfg = Debug|Any CPU
		{8F713653-345B-4A65-B221-C6C72CBD35C9}.Debug|Any CPU.Build.0 = Debug|Any CPU
		{8F713653-345B-4A65-B221-C6C72CBD35C9}.Release|Any CPU.ActiveCfg = Release|Any CPU
		{8F713653-345B-4A65-B221-C6C72CBD35C9}.Release|Any CPU.Build.0 = Release|Any CPU
	EndGlobalSection
	GlobalSection(SolutionProperties) = preSolution
		HideSolutionNode = FALSE
	EndGlobalSection
	GlobalSection(ExtensibilityGlobals) = postSolution
		SolutionGuid = {8A5F61E3-03DB-420E-BE5B-4D5595D79680}
	EndGlobalSection
EndGlobal
